// !$*UTF8*$!
{
	archiveVersion = 1;
	classes = {
	};
	objectVersion = 48;
	objects = {

/* Begin PBXBuildFile section */
		BF0DB8011F7ACFCF00861D29 /* AppDelegate.swift in Sources */ = {isa = PBXBuildFile; fileRef = BF0DB8001F7ACFCF00861D29 /* AppDelegate.swift */; };
		BF0DB8031F7ACFCF00861D29 /* ViewController.swift in Sources */ = {isa = PBXBuildFile; fileRef = BF0DB8021F7ACFCF00861D29 /* ViewController.swift */; };
		BF0DB8081F7ACFCF00861D29 /* Assets.xcassets in Resources */ = {isa = PBXBuildFile; fileRef = BF0DB8071F7ACFCF00861D29 /* Assets.xcassets */; };
		BF0DB80B1F7ACFCF00861D29 /* LaunchScreen.storyboard in Resources */ = {isa = PBXBuildFile; fileRef = BF0DB8091F7ACFCF00861D29 /* LaunchScreen.storyboard */; };
		BF0DB8131F7AD07700861D29 /* DetailViewController.swift in Sources */ = {isa = PBXBuildFile; fileRef = BF0DB8121F7AD07700861D29 /* DetailViewController.swift */; };
		BF0DB8151F7AD18D00861D29 /* Main.storyboard in Resources */ = {isa = PBXBuildFile; fileRef = BF0DB8141F7AD10800861D29 /* Main.storyboard */; };
/* End PBXBuildFile section */

/* Begin PBXFileReference section */
		BF0DB7FD1F7ACFCF00861D29 /* To Do List.app */ = {isa = PBXFileReference; explicitFileType = wrapper.application; includeInIndex = 0; path = "To Do List.app"; sourceTree = BUILT_PRODUCTS_DIR; };
		BF0DB8001F7ACFCF00861D29 /* AppDelegate.swift */ = {isa = PBXFileReference; lastKnownFileType = sourcecode.swift; path = AppDelegate.swift; sourceTree = "<group>"; };
		BF0DB8021F7ACFCF00861D29 /* ViewController.swift */ = {isa = PBXFileReference; lastKnownFileType = sourcecode.swift; path = ViewController.swift; sourceTree = "<group>"; };
		BF0DB8071F7ACFCF00861D29 /* Assets.xcassets */ = {isa = PBXFileReference; lastKnownFileType = folder.assetcatalog; path = Assets.xcassets; sourceTree = "<group>"; };
		BF0DB80A1F7ACFCF00861D29 /* Base */ = {isa = PBXFileReference; lastKnownFileType = file.storyboard; name = Base; path = Base.lproj/LaunchScreen.storyboard; sourceTree = "<group>"; };
		BF0DB80C1F7ACFCF00861D29 /* Info.plist */ = {isa = PBXFileReference; lastKnownFileType = text.plist.xml; path = Info.plist; sourceTree = "<group>"; };
		BF0DB8121F7AD07700861D29 /* DetailViewController.swift */ = {isa = PBXFileReference; lastKnownFileType = sourcecode.swift; path = DetailViewController.swift; sourceTree = "<group>"; };
		BF0DB8141F7AD10800861D29 /* Main.storyboard */ = {isa = PBXFileReference; lastKnownFileType = file.storyboard; path = Main.storyboard; sourceTree = "<group>"; };
/* End PBXFileReference section */

/* Begin PBXFrameworksBuildPhase section */
		BF0DB7FA1F7ACFCF00861D29 /* Frameworks */ = {
			isa = PBXFrameworksBuildPhase;
			buildActionMask = 2147483647;
			files = (
			);
			runOnlyForDeploymentPostprocessing = 0;
		};
/* End PBXFrameworksBuildPhase section */

/* Begin PBXGroup section */
		BF0DB7F41F7ACFCF00861D29 = {
			isa = PBXGroup;
			children = (
				BF0DB7FF1F7ACFCF00861D29 /* To Do List */,
				BF0DB7FE1F7ACFCF00861D29 /* Products */,
			);
			sourceTree = "<group>";
		};
		BF0DB7FE1F7ACFCF00861D29 /* Products */ = {
			isa = PBXGroup;
			children = (
				BF0DB7FD1F7ACFCF00861D29 /* To Do List.app */,
			);
			name = Products;
			sourceTree = "<group>";
		};
		BF0DB7FF1F7ACFCF00861D29 /* To Do List */ = {
			isa = PBXGroup;
			children = (
				BF0DB8001F7ACFCF00861D29 /* AppDelegate.swift */,
				BF0DB8021F7ACFCF00861D29 /* ViewController.swift */,
				BF0DB8121F7AD07700861D29 /* DetailViewController.swift */,
				BF0DB8141F7AD10800861D29 /* Main.storyboard */,
				BF0DB8071F7ACFCF00861D29 /* Assets.xcassets */,
				BF0DB8091F7ACFCF00861D29 /* LaunchScreen.storyboard */,
				BF0DB80C1F7ACFCF00861D29 /* Info.plist */,
			);
			path = "To Do List";
			sourceTree = "<group>";
		};
/* End PBXGroup section */

/* Begin PBXNativeTarget section */
		BF0DB7FC1F7ACFCF00861D29 /* To Do List */ = {
			isa = PBXNativeTarget;
			buildConfigurationList = BF0DB80F1F7ACFCF00861D29 /* Build configuration list for PBXNativeTarget "To Do List" */;
			buildPhases = (
				BF0DB7F91F7ACFCF00861D29 /* Sources */,
				BF0DB7FA1F7ACFCF00861D29 /* Frameworks */,
				BF0DB7FB1F7ACFCF00861D29 /* Resources */,
			);
			buildRules = (
			);
			dependencies = (
			);
			name = "To Do List";
			productName = "To Do List";
			productReference = BF0DB7FD1F7ACFCF00861D29 /* To Do List.app */;
			productType = "com.apple.product-type.application";
		};
/* End PBXNativeTarget section */

/* Begin PBXProject section */
		BF0DB7F51F7ACFCF00861D29 /* Project object */ = {
			isa = PBXProject;
			attributes = {
				LastSwiftUpdateCheck = 0900;
				LastUpgradeCheck = 0900;
				ORGANIZATIONNAME = chilom;
				TargetAttributes = {
					BF0DB7FC1F7ACFCF00861D29 = {
						CreatedOnToolsVersion = 9.0;
						ProvisioningStyle = Automatic;
					};
				};
			};
			buildConfigurationList = BF0DB7F81F7ACFCF00861D29 /* Build configuration list for PBXProject "To Do List" */;
			compatibilityVersion = "Xcode 8.0";
			developmentRegion = en;
			hasScannedForEncodings = 0;
			knownRegions = (
				en,
				Base,
			);
			mainGroup = BF0DB7F41F7ACFCF00861D29;
			productRefGroup = BF0DB7FE1F7ACFCF00861D29 /* Products */;
			projectDirPath = "";
			projectRoot = "";
			targets = (
				BF0DB7FC1F7ACFCF00861D29 /* To Do List */,
			);
		};
/* End PBXProject section */

/* Begin PBXResourcesBuildPhase section */
		BF0DB7FB1F7ACFCF00861D29 /* Resources */ = {
			isa = PBXResourcesBuildPhase;
			buildActionMask = 2147483647;
			files = (
				BF0DB8151F7AD18D00861D29 /* Main.storyboard in Resources */,
				BF0DB80B1F7ACFCF00861D29 /* LaunchScreen.storyboard in Resources */,
				BF0DB8081F7ACFCF00861D29 /* Assets.xcassets in Resources */,
			);
			runOnlyForDeploymentPostprocessing = 0;
		};
/* End PBXResourcesBuildPhase section */

/* Begin PBXSourcesBuildPhase section */
		BF0DB7F91F7ACFCF00861D29 /* Sources */ = {
			isa = PBXSourcesBuildPhase;
			buildActionMask = 2147483647;
			files = (
				BF0DB8131F7AD07700861D29 /* DetailViewController.swift in Sources */,
				BF0DB8031F7ACFCF00861D29 /* ViewController.swift in Sources */,
				BF0DB8011F7ACFCF00861D29 /* AppDelegate.swift in Sources */,
			);
			runOnlyForDeploymentPostprocessing = 0;
		};
/* End PBXSourcesBuildPhase section */

/* Begin PBXVariantGroup section */
		BF0DB8091F7ACFCF00861D29 /* LaunchScreen.storyboard */ = {
			isa = PBXVariantGroup;
			children = (
				BF0DB80A1F7ACFCF00861D29 /* Base */,
			);
			name = LaunchScreen.storyboard;
			sourceTree = "<group>";
		};
/* End PBXVariantGroup section */

/* Begin XCBuildConfiguration section */
		BF0DB80D1F7ACFCF00861D29 /* Debug */ = {
			isa = XCBuildConfiguration;
			buildSettings = {
				ALWAYS_SEARCH_USER_PATHS = NO;
				CLANG_ANALYZER_NONNULL = YES;
				CLANG_ANALYZER_NUMBER_OBJECT_CONVERSION = YES_AGGRESSIVE;
				CLANG_CXX_LANGUAGE_STANDARD = "gnu++14";
				CLANG_CXX_LIBRARY = "libc++";
				CLANG_ENABLE_MODULES = YES;
				CLANG_ENABLE_OBJC_ARC = YES;
				CLANG_WARN_BLOCK_CAPTURE_AUTORELEASING = YES;
				CLANG_WARN_BOOL_CONVERSION = YES;
				CLANG_WARN_COMMA = YES;
				CLANG_WARN_CONSTANT_CONVERSION = YES;
				CLANG_WARN_DIRECT_OBJC_ISA_USAGE = YES_ERROR;
				CLANG_WARN_DOCUMENTATION_COMMENTS = YES;
				CLANG_WARN_EMPTY_BODY = YES;
				CLANG_WARN_ENUM_CONVERSION = YES;
				CLANG_WARN_INFINITE_RECURSION = YES;
				CLANG_WARN_INT_CONVERSION = YES;
				CLANG_WARN_NON_LITERAL_NULL_CONVERSION = YES;
				CLANG_WARN_OBJC_LITERAL_CONVERSION = YES;
				CLANG_WARN_OBJC_ROOT_CLASS = YES_ERROR;
				CLANG_WARN_RANGE_LOOP_ANALYSIS = YES;
				CLANG_WARN_STRICT_PROTOTYPES = YES;
				CLANG_WARN_SUSPICIOUS_MOVE = YES;
				CLANG_WARN_UNGUARDED_AVAILABILITY = YES_AGGRESSIVE;
				CLANG_WARN_UNREACHABLE_CODE = YES;
				CLANG_WARN__DUPLICATE_METHOD_MATCH = YES;
				CODE_SIGN_IDENTITY = "iPhone Developer";
				COPY_PHASE_STRIP = NO;
				DEBUG_INFORMATION_FORMAT = dwarf;
				ENABLE_STRICT_OBJC_MSGSEND = YES;
				ENABLE_TESTABILITY = YES;
				GCC_C_LANGUAGE_STANDARD = gnu11;
				GCC_DYNAMIC_NO_PIC = NO;
				GCC_NO_COMMON_BLOCKS = YES;
				GCC_OPTIMIZATION_LEVEL = 0;
				GCC_PREPROCESSOR_DEFINITIONS = (
					"DEBUG=1",
					"$(inherited)",
				);
				GCC_WARN_64_TO_32_BIT_CONVERSION = YES;
				GCC_WARN_ABOUT_RETURN_TYPE = YES_ERROR;
				GCC_WARN_UNDECLARED_SELECTOR = YES;
				GCC_WARN_UNINITIALIZED_AUTOS = YES_AGGRESSIVE;
				GCC_WARN_UNUSED_FUNCTION = YES;
				GCC_WARN_UNUSED_VARIABLE = YES;
				IPHONEOS_DEPLOYMENT_TARGET = 11.0;
				MTL_ENABLE_DEBUG_INFO = YES;
				ONLY_ACTIVE_ARCH = YES;
				SDKROOT = iphoneos;
				SWIFT_ACTIVE_COMPILATION_CONDITIONS = DEBUG;
				SWIFT_OPTIMIZATION_LEVEL = "-Onone";
			};
			name = Debug;
		};
		BF0DB80E1F7ACFCF00861D29 /* Release */ = {
			isa = XCBuildConfiguration;
			buildSettings = {
				ALWAYS_SEARCH_USER_PATHS = NO;
				CLANG_ANALYZER_NONNULL = YES;
				CLANG_ANALYZER_NUMBER_OBJECT_CONVERSION = YES_AGGRESSIVE;
				CLANG_CXX_LANGUAGE_STANDARD = "gnu++14";
				CLANG_CXX_LIBRARY = "libc++";
				CLANG_ENABLE_MODULES = YES;
				CLANG_ENABLE_OBJC_ARC = YES;
				CLANG_WARN_BLOCK_CAPTURE_AUTORELEASING = YES;
				CLANG_WARN_BOOL_CONVERSION = YES;
				CLANG_WARN_COMMA = YES;
				CLANG_WARN_CONSTANT_CONVERSION = YES;
				CLANG_WARN_DIRECT_OBJC_ISA_USAGE = YES_ERROR;
				CLANG_WARN_DOCUMENTATION_COMMENTS = YES;
				CLANG_WARN_EMPTY_BODY = YES;
				CLANG_WARN_ENUM_CONVERSION = YES;
				CLANG_WARN_INFINITE_RECURSION = YES;
				CLANG_WARN_INT_CONVERSION = YES;
				CLANG_WARN_NON_LITERAL_NULL_CONVERSION = YES;
				CLANG_WARN_OBJC_LITERAL_CONVERSION = YES;
				CLANG_WARN_OBJC_ROOT_CLASS = YES_ERROR;
				CLANG_WARN_RANGE_LOOP_ANALYSIS = YES;
				CLANG_WARN_STRICT_PROTOTYPES = YES;
				CLANG_WARN_SUSPICIOUS_MOVE = YES;
				CLANG_WARN_UNGUARDED_AVAILABILITY = YES_AGGRESSIVE;
				CLANG_WARN_UNREACHABLE_CODE = YES;
				CLANG_WARN__DUPLICATE_METHOD_MATCH = YES;
				CODE_SIGN_IDENTITY = "iPhone Developer";
				COPY_PHASE_STRIP = NO;
				DEBUG_INFORMATION_FORMAT = "dwarf-with-dsym";
				ENABLE_NS_ASSERTIONS = NO;
				ENABLE_STRICT_OBJC_MSGSEND = YES;
				GCC_C_LANGUAGE_STANDARD = gnu11;
				GCC_NO_COMMON_BLOCKS = YES;
				GCC_WARN_64_TO_32_BIT_CONVERSION = YES;
				GCC_WARN_ABOUT_RETURN_TYPE = YES_ERROR;
				GCC_WARN_UNDECLARED_SELECTOR = YES;
				GCC_WARN_UNINITIALIZED_AUTOS = YES_AGGRESSIVE;
				GCC_WARN_UNUSED_FUNCTION = YES;
				GCC_WARN_UNUSED_VARIABLE = YES;
				IPHONEOS_DEPLOYMENT_TARGET = 11.0;
				MTL_ENABLE_DEBUG_INFO = NO;
				SDKROOT = iphoneos;
				SWIFT_OPTIMIZATION_LEVEL = "-Owholemodule";
				VALIDATE_PRODUCT = YES;
			};
			name = Release;
		};
		BF0DB8101F7ACFCF00861D29 /* Debug */ = {
			isa = XCBuildConfiguration;
			buildSettings = {
				ASSETCATALOG_COMPILER_APPICON_NAME = AppIcon;
				CODE_SIGN_STYLE = Automatic;
				DEVELOPMENT_TEAM = PZV2WWQX2L;
				INFOPLIST_FILE = "To Do List/Info.plist";
				LD_RUNPATH_SEARCH_PATHS = "$(inherited) @executable_path/Frameworks";
				PRODUCT_BUNDLE_IDENTIFIER = "com.chilom.To-Do-List";
				PRODUCT_NAME = "$(TARGET_NAME)";
				SWIFT_VERSION = 4.0;
				TARGETED_DEVICE_FAMILY = "1,2";
			};
			name = Debug;
		};
		BF0DB8111F7ACFCF00861D29 /* Release */ = {
			isa = XCBuildConfiguration;
			buildSettings = {
				ASSETCATALOG_COMPILER_APPICON_NAME = AppIcon;
				CODE_SIGN_STYLE = Automatic;
				DEVELOPMENT_TEAM = PZV2WWQX2L;
				INFOPLIST_FILE = "To Do List/Info.plist";
				LD_RUNPATH_SEARCH_PATHS = "$(inherited) @executable_path/Frameworks";
				PRODUCT_BUNDLE_IDENTIFIER = "com.chilom.To-Do-List";
				PRODUCT_NAME = "$(TARGET_NAME)";
				SWIFT_VERSION = 4.0;
				TARGETED_DEVICE_FAMILY = "1,2";
			};
			name = Release;
		};
/* End XCBuildConfiguration section */

/* Begin XCConfigurationList section */
		BF0DB7F81F7ACFCF00861D29 /* Build configuration list for PBXProject "To Do List" */ = {
			isa = XCConfigurationList;
			buildConfigurations = (
				BF0DB80D1F7ACFCF00861D29 /* Debug */,
				BF0DB80E1F7ACFCF00861D29 /* Release */,
			);
			defaultConfigurationIsVisible = 0;
			defaultConfigurationName = Release;
		};
		BF0DB80F1F7ACFCF00861D29 /* Build configuration list for PBXNativeTarget "To Do List" */ = {
			isa = XCConfigurationList;
			buildConfigurations = (
				BF0DB8101F7ACFCF00861D29 /* Debug */,
				BF0DB8111F7ACFCF00861D29 /* Release */,
			);
			defaultConfigurationIsVisible = 0;
			defaultConfigurationName = Release;
		};
/* End XCConfigurationList section */
	};
	rootObject = BF0DB7F51F7ACFCF00861D29 /* Project object */;
}
